// !$*UTF8*$!
{
	archiveVersion = 1;
	classes = {
	};
	objectVersion = 56;
	objects = {

/* Begin PBXBuildFile section */
		C01562B42BF8C1D700CEF4BE /* NanoChallenge2App.swift in Sources */ = {isa = PBXBuildFile; fileRef = C01562B32BF8C1D700CEF4BE /* NanoChallenge2App.swift */; };
		C01562B62BF8C1D700CEF4BE /* ContentView.swift in Sources */ = {isa = PBXBuildFile; fileRef = C01562B52BF8C1D700CEF4BE /* ContentView.swift */; };
		C01562B82BF8C1D800CEF4BE /* Assets.xcassets in Resources */ = {isa = PBXBuildFile; fileRef = C01562B72BF8C1D800CEF4BE /* Assets.xcassets */; };
		C01562BB2BF8C1D800CEF4BE /* Preview Assets.xcassets in Resources */ = {isa = PBXBuildFile; fileRef = C01562BA2BF8C1D800CEF4BE /* Preview Assets.xcassets */; };
		C01562C52BF8C1D800CEF4BE /* NanoChallenge2Tests.swift in Sources */ = {isa = PBXBuildFile; fileRef = C01562C42BF8C1D800CEF4BE /* NanoChallenge2Tests.swift */; };
		C01562CF2BF8C1D800CEF4BE /* NanoChallenge2UITests.swift in Sources */ = {isa = PBXBuildFile; fileRef = C01562CE2BF8C1D800CEF4BE /* NanoChallenge2UITests.swift */; };
		C01562D12BF8C1D800CEF4BE /* NanoChallenge2UITestsLaunchTests.swift in Sources */ = {isa = PBXBuildFile; fileRef = C01562D02BF8C1D800CEF4BE /* NanoChallenge2UITestsLaunchTests.swift */; };
		C040DA7B2BFA1DC300E4DA4C /* SplashScreen.swift in Sources */ = {isa = PBXBuildFile; fileRef = C040DA7A2BFA1DC300E4DA4C /* SplashScreen.swift */; };
		C040DA7D2BFA2D7400E4DA4C /* HomeView.swift in Sources */ = {isa = PBXBuildFile; fileRef = C040DA7C2BFA2D7400E4DA4C /* HomeView.swift */; };
		C040DA7F2BFA38F800E4DA4C /* DrinkWaterView.swift in Sources */ = {isa = PBXBuildFile; fileRef = C040DA7E2BFA38F800E4DA4C /* DrinkWaterView.swift */; };
		C040DA812BFA3D8000E4DA4C /* SettingsView.swift in Sources */ = {isa = PBXBuildFile; fileRef = C040DA802BFA3D8000E4DA4C /* SettingsView.swift */; };
		C077A9AF2BFF1CE200C3F8E6 /* ConsumeView.swift in Sources */ = {isa = PBXBuildFile; fileRef = C077A9AE2BFF1CE200C3F8E6 /* ConsumeView.swift */; };
		C077A9B12BFF21F100C3F8E6 /* AppleWatch.gif in Resources */ = {isa = PBXBuildFile; fileRef = C077A9B02BFF21F100C3F8E6 /* AppleWatch.gif */; };
		C077A9B32BFF22FD00C3F8E6 /* GifImage.swift in Sources */ = {isa = PBXBuildFile; fileRef = C077A9B22BFF22FD00C3F8E6 /* GifImage.swift */; };
		C077A9B92BFF717600C3F8E6 /* JumpingExercise.gif in Resources */ = {isa = PBXBuildFile; fileRef = C077A9B82BFF717600C3F8E6 /* JumpingExercise.gif */; };
		C077A9BB2BFF8B0300C3F8E6 /* HealthyFood.gif in Resources */ = {isa = PBXBuildFile; fileRef = C077A9BA2BFF8B0300C3F8E6 /* HealthyFood.gif */; };
		C077E09B2C0352990064FEE4 /* DrinkWaterViewModel.swift in Sources */ = {isa = PBXBuildFile; fileRef = C077E09A2C0352990064FEE4 /* DrinkWaterViewModel.swift */; };
		C077E09D2C03657E0064FEE4 /* TesterView.swift in Sources */ = {isa = PBXBuildFile; fileRef = C077E09C2C03657D0064FEE4 /* TesterView.swift */; };
		C077E09F2C036CD40064FEE4 /* HomeViewModel.swift in Sources */ = {isa = PBXBuildFile; fileRef = C077E09E2C036CD40064FEE4 /* HomeViewModel.swift */; };
		C077E0A22C03B1660064FEE4 /* SleepingViewModel.swift in Sources */ = {isa = PBXBuildFile; fileRef = C077E0A12C03B1660064FEE4 /* SleepingViewModel.swift */; };
		C077E0A52C03B7030064FEE4 /* BodyMeasurementViewModel.swift in Sources */ = {isa = PBXBuildFile; fileRef = C077E0A42C03B7030064FEE4 /* BodyMeasurementViewModel.swift */; };
		C077E0A82C03E17C0064FEE4 /* HealthKit.swift in Sources */ = {isa = PBXBuildFile; fileRef = C077E0A72C03E17C0064FEE4 /* HealthKit.swift */; };
		C0E20B632BFB8FF1005EAE94 /* ExerciseView.swift in Sources */ = {isa = PBXBuildFile; fileRef = C0E20B622BFB8FF1005EAE94 /* ExerciseView.swift */; };
		C0E64C9A2C016B220046D43B /* SleepingView.swift in Sources */ = {isa = PBXBuildFile; fileRef = C0E64C992C016B220046D43B /* SleepingView.swift */; };
		C0E64C9C2C016E770046D43B /* Sleep.gif in Resources */ = {isa = PBXBuildFile; fileRef = C0E64C9B2C016E770046D43B /* Sleep.gif */; };
		C0E64C9E2C017A270046D43B /* BodyMeasurementView.swift in Sources */ = {isa = PBXBuildFile; fileRef = C0E64C9D2C017A270046D43B /* BodyMeasurementView.swift */; };
		C0E64CAC2C01F0070046D43B /* ErrorAlertView.swift in Sources */ = {isa = PBXBuildFile; fileRef = C0E64CAB2C01F0070046D43B /* ErrorAlertView.swift */; };
		C0E64CAF2C0231F80046D43B /* ExerciseViewModel.swift in Sources */ = {isa = PBXBuildFile; fileRef = C0E64CAE2C0231F80046D43B /* ExerciseViewModel.swift */; };
		C0E64CB12C0236480046D43B /* ConsumeViewModel.swift in Sources */ = {isa = PBXBuildFile; fileRef = C0E64CB02C0236480046D43B /* ConsumeViewModel.swift */; };
		C0E64CB42C023E5C0046D43B /* FoodGlucose.swift in Sources */ = {isa = PBXBuildFile; fileRef = C0E64CB32C023E5C0046D43B /* FoodGlucose.swift */; };
		C0E64CB62C023E7F0046D43B /* ActivityCalories.swift in Sources */ = {isa = PBXBuildFile; fileRef = C0E64CB52C023E7F0046D43B /* ActivityCalories.swift */; };
/* End PBXBuildFile section */

/* Begin PBXContainerItemProxy section */
		C01562C12BF8C1D800CEF4BE /* PBXContainerItemProxy */ = {
			isa = PBXContainerItemProxy;
			containerPortal = C01562A82BF8C1D700CEF4BE /* Project object */;
			proxyType = 1;
			remoteGlobalIDString = C01562AF2BF8C1D700CEF4BE;
			remoteInfo = NanoChallenge2;
		};
		C01562CB2BF8C1D800CEF4BE /* PBXContainerItemProxy */ = {
			isa = PBXContainerItemProxy;
			containerPortal = C01562A82BF8C1D700CEF4BE /* Project object */;
			proxyType = 1;
			remoteGlobalIDString = C01562AF2BF8C1D700CEF4BE;
			remoteInfo = NanoChallenge2;
		};
/* End PBXContainerItemProxy section */

/* Begin PBXFileReference section */
		C01562B02BF8C1D700CEF4BE /* NanoChallenge2.app */ = {isa = PBXFileReference; explicitFileType = wrapper.application; includeInIndex = 0; path = NanoChallenge2.app; sourceTree = BUILT_PRODUCTS_DIR; };
		C01562B32BF8C1D700CEF4BE /* NanoChallenge2App.swift */ = {isa = PBXFileReference; lastKnownFileType = sourcecode.swift; path = NanoChallenge2App.swift; sourceTree = "<group>"; };
		C01562B52BF8C1D700CEF4BE /* ContentView.swift */ = {isa = PBXFileReference; lastKnownFileType = sourcecode.swift; path = ContentView.swift; sourceTree = "<group>"; };
		C01562B72BF8C1D800CEF4BE /* Assets.xcassets */ = {isa = PBXFileReference; lastKnownFileType = folder.assetcatalog; path = Assets.xcassets; sourceTree = "<group>"; };
		C01562BA2BF8C1D800CEF4BE /* Preview Assets.xcassets */ = {isa = PBXFileReference; lastKnownFileType = folder.assetcatalog; path = "Preview Assets.xcassets"; sourceTree = "<group>"; };
		C01562C02BF8C1D800CEF4BE /* NanoChallenge2Tests.xctest */ = {isa = PBXFileReference; explicitFileType = wrapper.cfbundle; includeInIndex = 0; path = NanoChallenge2Tests.xctest; sourceTree = BUILT_PRODUCTS_DIR; };
		C01562C42BF8C1D800CEF4BE /* NanoChallenge2Tests.swift */ = {isa = PBXFileReference; lastKnownFileType = sourcecode.swift; path = NanoChallenge2Tests.swift; sourceTree = "<group>"; };
		C01562CA2BF8C1D800CEF4BE /* NanoChallenge2UITests.xctest */ = {isa = PBXFileReference; explicitFileType = wrapper.cfbundle; includeInIndex = 0; path = NanoChallenge2UITests.xctest; sourceTree = BUILT_PRODUCTS_DIR; };
		C01562CE2BF8C1D800CEF4BE /* NanoChallenge2UITests.swift */ = {isa = PBXFileReference; lastKnownFileType = sourcecode.swift; path = NanoChallenge2UITests.swift; sourceTree = "<group>"; };
		C01562D02BF8C1D800CEF4BE /* NanoChallenge2UITestsLaunchTests.swift */ = {isa = PBXFileReference; lastKnownFileType = sourcecode.swift; path = NanoChallenge2UITestsLaunchTests.swift; sourceTree = "<group>"; };
		C03E35892C0420DE00B5A9C4 /* Info.plist */ = {isa = PBXFileReference; lastKnownFileType = text.plist; path = Info.plist; sourceTree = "<group>"; };
		C040DA7A2BFA1DC300E4DA4C /* SplashScreen.swift */ = {isa = PBXFileReference; lastKnownFileType = sourcecode.swift; path = SplashScreen.swift; sourceTree = "<group>"; };
		C040DA7C2BFA2D7400E4DA4C /* HomeView.swift */ = {isa = PBXFileReference; lastKnownFileType = sourcecode.swift; path = HomeView.swift; sourceTree = "<group>"; };
		C040DA7E2BFA38F800E4DA4C /* DrinkWaterView.swift */ = {isa = PBXFileReference; lastKnownFileType = sourcecode.swift; path = DrinkWaterView.swift; sourceTree = "<group>"; };
		C040DA802BFA3D8000E4DA4C /* SettingsView.swift */ = {isa = PBXFileReference; lastKnownFileType = sourcecode.swift; path = SettingsView.swift; sourceTree = "<group>"; };
		C077A9AE2BFF1CE200C3F8E6 /* ConsumeView.swift */ = {isa = PBXFileReference; lastKnownFileType = sourcecode.swift; path = ConsumeView.swift; sourceTree = "<group>"; };
		C077A9B02BFF21F100C3F8E6 /* AppleWatch.gif */ = {isa = PBXFileReference; lastKnownFileType = image.gif; path = AppleWatch.gif; sourceTree = "<group>"; };
		C077A9B22BFF22FD00C3F8E6 /* GifImage.swift */ = {isa = PBXFileReference; lastKnownFileType = sourcecode.swift; path = GifImage.swift; sourceTree = "<group>"; };
		C077A9B82BFF717600C3F8E6 /* JumpingExercise.gif */ = {isa = PBXFileReference; lastKnownFileType = image.gif; path = JumpingExercise.gif; sourceTree = "<group>"; };
		C077A9BA2BFF8B0300C3F8E6 /* HealthyFood.gif */ = {isa = PBXFileReference; lastKnownFileType = image.gif; path = HealthyFood.gif; sourceTree = "<group>"; };
		C077E09A2C0352990064FEE4 /* DrinkWaterViewModel.swift */ = {isa = PBXFileReference; lastKnownFileType = sourcecode.swift; path = DrinkWaterViewModel.swift; sourceTree = "<group>"; };
		C077E09C2C03657D0064FEE4 /* TesterView.swift */ = {isa = PBXFileReference; lastKnownFileType = sourcecode.swift; path = TesterView.swift; sourceTree = "<group>"; };
		C077E09E2C036CD40064FEE4 /* HomeViewModel.swift */ = {isa = PBXFileReference; lastKnownFileType = sourcecode.swift; path = HomeViewModel.swift; sourceTree = "<group>"; };
		C077E0A12C03B1660064FEE4 /* SleepingViewModel.swift */ = {isa = PBXFileReference; lastKnownFileType = sourcecode.swift; path = SleepingViewModel.swift; sourceTree = "<group>"; };
		C077E0A42C03B7030064FEE4 /* BodyMeasurementViewModel.swift */ = {isa = PBXFileReference; lastKnownFileType = sourcecode.swift; path = BodyMeasurementViewModel.swift; sourceTree = "<group>"; };
		C077E0A72C03E17C0064FEE4 /* HealthKit.swift */ = {isa = PBXFileReference; lastKnownFileType = sourcecode.swift; path = HealthKit.swift; sourceTree = "<group>"; };
		C0E20B622BFB8FF1005EAE94 /* ExerciseView.swift */ = {isa = PBXFileReference; lastKnownFileType = sourcecode.swift; path = ExerciseView.swift; sourceTree = "<group>"; };
		C0E64C992C016B220046D43B /* SleepingView.swift */ = {isa = PBXFileReference; lastKnownFileType = sourcecode.swift; path = SleepingView.swift; sourceTree = "<group>"; };
		C0E64C9B2C016E770046D43B /* Sleep.gif */ = {isa = PBXFileReference; lastKnownFileType = image.gif; path = Sleep.gif; sourceTree = "<group>"; };
		C0E64C9D2C017A270046D43B /* BodyMeasurementView.swift */ = {isa = PBXFileReference; lastKnownFileType = sourcecode.swift; path = BodyMeasurementView.swift; sourceTree = "<group>"; };
		C0E64CAB2C01F0070046D43B /* ErrorAlertView.swift */ = {isa = PBXFileReference; lastKnownFileType = sourcecode.swift; path = ErrorAlertView.swift; sourceTree = "<group>"; };
		C0E64CAE2C0231F80046D43B /* ExerciseViewModel.swift */ = {isa = PBXFileReference; lastKnownFileType = sourcecode.swift; path = ExerciseViewModel.swift; sourceTree = "<group>"; };
		C0E64CB02C0236480046D43B /* ConsumeViewModel.swift */ = {isa = PBXFileReference; lastKnownFileType = sourcecode.swift; path = ConsumeViewModel.swift; sourceTree = "<group>"; };
		C0E64CB32C023E5C0046D43B /* FoodGlucose.swift */ = {isa = PBXFileReference; lastKnownFileType = sourcecode.swift; path = FoodGlucose.swift; sourceTree = "<group>"; };
		C0E64CB52C023E7F0046D43B /* ActivityCalories.swift */ = {isa = PBXFileReference; lastKnownFileType = sourcecode.swift; path = ActivityCalories.swift; sourceTree = "<group>"; };
/* End PBXFileReference section */

/* Begin PBXFrameworksBuildPhase section */
		C01562AD2BF8C1D700CEF4BE /* Frameworks */ = {
			isa = PBXFrameworksBuildPhase;
			buildActionMask = 2147483647;
			files = (
			);
			runOnlyForDeploymentPostprocessing = 0;
		};
		C01562BD2BF8C1D800CEF4BE /* Frameworks */ = {
			isa = PBXFrameworksBuildPhase;
			buildActionMask = 2147483647;
			files = (
			);
			runOnlyForDeploymentPostprocessing = 0;
		};
		C01562C72BF8C1D800CEF4BE /* Frameworks */ = {
			isa = PBXFrameworksBuildPhase;
			buildActionMask = 2147483647;
			files = (
			);
			runOnlyForDeploymentPostprocessing = 0;
		};
/* End PBXFrameworksBuildPhase section */

/* Begin PBXGroup section */
		C01562A72BF8C1D700CEF4BE = {
			isa = PBXGroup;
			children = (
				C01562B22BF8C1D700CEF4BE /* NanoChallenge2 */,
				C01562C32BF8C1D800CEF4BE /* NanoChallenge2Tests */,
				C01562CD2BF8C1D800CEF4BE /* NanoChallenge2UITests */,
				C01562B12BF8C1D700CEF4BE /* Products */,
			);
			sourceTree = "<group>";
		};
		C01562B12BF8C1D700CEF4BE /* Products */ = {
			isa = PBXGroup;
			children = (
				C01562B02BF8C1D700CEF4BE /* NanoChallenge2.app */,
				C01562C02BF8C1D800CEF4BE /* NanoChallenge2Tests.xctest */,
				C01562CA2BF8C1D800CEF4BE /* NanoChallenge2UITests.xctest */,
			);
			name = Products;
			sourceTree = "<group>";
		};
		C01562B22BF8C1D700CEF4BE /* NanoChallenge2 */ = {
			isa = PBXGroup;
			children = (
				C03E35892C0420DE00B5A9C4 /* Info.plist */,
				C077E0A62C03D57E0064FEE4 /* HealthKit */,
				C077E0A02C036F300064FEE4 /* GIF */,
				C0E64CB22C023E3D0046D43B /* Model */,
				C0E64CAD2C0231E10046D43B /* ViewModel */,
				C077E0A32C03B62A0064FEE4 /* View */,
				C01562B32BF8C1D700CEF4BE /* NanoChallenge2App.swift */,
				C01562B52BF8C1D700CEF4BE /* ContentView.swift */,
				C040DA7C2BFA2D7400E4DA4C /* HomeView.swift */,
				C040DA7A2BFA1DC300E4DA4C /* SplashScreen.swift */,
				C077A9B22BFF22FD00C3F8E6 /* GifImage.swift */,
				C01562B72BF8C1D800CEF4BE /* Assets.xcassets */,
				C01562B92BF8C1D800CEF4BE /* Preview Content */,
				C077E09C2C03657D0064FEE4 /* TesterView.swift */,
				C040DA802BFA3D8000E4DA4C /* SettingsView.swift */,
			);
			path = NanoChallenge2;
			sourceTree = "<group>";
		};
		C01562B92BF8C1D800CEF4BE /* Preview Content */ = {
			isa = PBXGroup;
			children = (
				C01562BA2BF8C1D800CEF4BE /* Preview Assets.xcassets */,
			);
			path = "Preview Content";
			sourceTree = "<group>";
		};
		C01562C32BF8C1D800CEF4BE /* NanoChallenge2Tests */ = {
			isa = PBXGroup;
			children = (
				C01562C42BF8C1D800CEF4BE /* NanoChallenge2Tests.swift */,
			);
			path = NanoChallenge2Tests;
			sourceTree = "<group>";
		};
		C01562CD2BF8C1D800CEF4BE /* NanoChallenge2UITests */ = {
			isa = PBXGroup;
			children = (
				C01562CE2BF8C1D800CEF4BE /* NanoChallenge2UITests.swift */,
				C01562D02BF8C1D800CEF4BE /* NanoChallenge2UITestsLaunchTests.swift */,
			);
			path = NanoChallenge2UITests;
			sourceTree = "<group>";
		};
		C077E0A02C036F300064FEE4 /* GIF */ = {
			isa = PBXGroup;
			children = (
				C077A9B02BFF21F100C3F8E6 /* AppleWatch.gif */,
				C0E64C9B2C016E770046D43B /* Sleep.gif */,
				C077A9B82BFF717600C3F8E6 /* JumpingExercise.gif */,
				C077A9BA2BFF8B0300C3F8E6 /* HealthyFood.gif */,
			);
			path = GIF;
			sourceTree = "<group>";
		};
		C077E0A32C03B62A0064FEE4 /* View */ = {
			isa = PBXGroup;
			children = (
				C040DA7E2BFA38F800E4DA4C /* DrinkWaterView.swift */,
				C0E64C9D2C017A270046D43B /* BodyMeasurementView.swift */,
				C0E64C992C016B220046D43B /* SleepingView.swift */,
				C0E64CAB2C01F0070046D43B /* ErrorAlertView.swift */,
				C0E20B622BFB8FF1005EAE94 /* ExerciseView.swift */,
				C077A9AE2BFF1CE200C3F8E6 /* ConsumeView.swift */,
			);
			path = View;
			sourceTree = "<group>";
		};
		C077E0A62C03D57E0064FEE4 /* HealthKit */ = {
			isa = PBXGroup;
			children = (
				C077E0A72C03E17C0064FEE4 /* HealthKit.swift */,
			);
			path = HealthKit;
			sourceTree = "<group>";
		};
		C0E64CAD2C0231E10046D43B /* ViewModel */ = {
			isa = PBXGroup;
			children = (
				C0E64CAE2C0231F80046D43B /* ExerciseViewModel.swift */,
				C0E64CB02C0236480046D43B /* ConsumeViewModel.swift */,
				C077E09A2C0352990064FEE4 /* DrinkWaterViewModel.swift */,
				C077E09E2C036CD40064FEE4 /* HomeViewModel.swift */,
				C077E0A12C03B1660064FEE4 /* SleepingViewModel.swift */,
				C077E0A42C03B7030064FEE4 /* BodyMeasurementViewModel.swift */,
			);
			path = ViewModel;
			sourceTree = "<group>";
		};
		C0E64CB22C023E3D0046D43B /* Model */ = {
			isa = PBXGroup;
			children = (
				C0E64CB32C023E5C0046D43B /* FoodGlucose.swift */,
				C0E64CB52C023E7F0046D43B /* ActivityCalories.swift */,
			);
			path = Model;
			sourceTree = "<group>";
		};
/* End PBXGroup section */

/* Begin PBXNativeTarget section */
		C01562AF2BF8C1D700CEF4BE /* NanoChallenge2 */ = {
			isa = PBXNativeTarget;
			buildConfigurationList = C01562D42BF8C1D800CEF4BE /* Build configuration list for PBXNativeTarget "NanoChallenge2" */;
			buildPhases = (
				C01562AC2BF8C1D700CEF4BE /* Sources */,
				C01562AD2BF8C1D700CEF4BE /* Frameworks */,
				C01562AE2BF8C1D700CEF4BE /* Resources */,
			);
			buildRules = (
			);
			dependencies = (
			);
			name = NanoChallenge2;
			productName = NanoChallenge2;
			productReference = C01562B02BF8C1D700CEF4BE /* NanoChallenge2.app */;
			productType = "com.apple.product-type.application";
		};
		C01562BF2BF8C1D800CEF4BE /* NanoChallenge2Tests */ = {
			isa = PBXNativeTarget;
			buildConfigurationList = C01562D72BF8C1D800CEF4BE /* Build configuration list for PBXNativeTarget "NanoChallenge2Tests" */;
			buildPhases = (
				C01562BC2BF8C1D800CEF4BE /* Sources */,
				C01562BD2BF8C1D800CEF4BE /* Frameworks */,
				C01562BE2BF8C1D800CEF4BE /* Resources */,
			);
			buildRules = (
			);
			dependencies = (
				C01562C22BF8C1D800CEF4BE /* PBXTargetDependency */,
			);
			name = NanoChallenge2Tests;
			productName = NanoChallenge2Tests;
			productReference = C01562C02BF8C1D800CEF4BE /* NanoChallenge2Tests.xctest */;
			productType = "com.apple.product-type.bundle.unit-test";
		};
		C01562C92BF8C1D800CEF4BE /* NanoChallenge2UITests */ = {
			isa = PBXNativeTarget;
			buildConfigurationList = C01562DA2BF8C1D800CEF4BE /* Build configuration list for PBXNativeTarget "NanoChallenge2UITests" */;
			buildPhases = (
				C01562C62BF8C1D800CEF4BE /* Sources */,
				C01562C72BF8C1D800CEF4BE /* Frameworks */,
				C01562C82BF8C1D800CEF4BE /* Resources */,
			);
			buildRules = (
			);
			dependencies = (
				C01562CC2BF8C1D800CEF4BE /* PBXTargetDependency */,
			);
			name = NanoChallenge2UITests;
			productName = NanoChallenge2UITests;
			productReference = C01562CA2BF8C1D800CEF4BE /* NanoChallenge2UITests.xctest */;
			productType = "com.apple.product-type.bundle.ui-testing";
		};
/* End PBXNativeTarget section */

/* Begin PBXProject section */
		C01562A82BF8C1D700CEF4BE /* Project object */ = {
			isa = PBXProject;
			attributes = {
				BuildIndependentTargetsInParallel = 1;
				LastSwiftUpdateCheck = 1530;
				LastUpgradeCheck = 1530;
				TargetAttributes = {
					C01562AF2BF8C1D700CEF4BE = {
						CreatedOnToolsVersion = 15.3;
					};
					C01562BF2BF8C1D800CEF4BE = {
						CreatedOnToolsVersion = 15.3;
						TestTargetID = C01562AF2BF8C1D700CEF4BE;
					};
					C01562C92BF8C1D800CEF4BE = {
						CreatedOnToolsVersion = 15.3;
						TestTargetID = C01562AF2BF8C1D700CEF4BE;
					};
				};
			};
			buildConfigurationList = C01562AB2BF8C1D700CEF4BE /* Build configuration list for PBXProject "NanoChallenge2" */;
			compatibilityVersion = "Xcode 14.0";
			developmentRegion = en;
			hasScannedForEncodings = 0;
			knownRegions = (
				en,
				Base,
			);
			mainGroup = C01562A72BF8C1D700CEF4BE;
			productRefGroup = C01562B12BF8C1D700CEF4BE /* Products */;
			projectDirPath = "";
			projectRoot = "";
			targets = (
				C01562AF2BF8C1D700CEF4BE /* NanoChallenge2 */,
				C01562BF2BF8C1D800CEF4BE /* NanoChallenge2Tests */,
				C01562C92BF8C1D800CEF4BE /* NanoChallenge2UITests */,
			);
		};
/* End PBXProject section */

/* Begin PBXResourcesBuildPhase section */
		C01562AE2BF8C1D700CEF4BE /* Resources */ = {
			isa = PBXResourcesBuildPhase;
			buildActionMask = 2147483647;
			files = (
				C01562BB2BF8C1D800CEF4BE /* Preview Assets.xcassets in Resources */,
				C077A9B92BFF717600C3F8E6 /* JumpingExercise.gif in Resources */,
				C0E64C9C2C016E770046D43B /* Sleep.gif in Resources */,
				C077A9B12BFF21F100C3F8E6 /* AppleWatch.gif in Resources */,
				C077A9BB2BFF8B0300C3F8E6 /* HealthyFood.gif in Resources */,
				C01562B82BF8C1D800CEF4BE /* Assets.xcassets in Resources */,
			);
			runOnlyForDeploymentPostprocessing = 0;
		};
		C01562BE2BF8C1D800CEF4BE /* Resources */ = {
			isa = PBXResourcesBuildPhase;
			buildActionMask = 2147483647;
			files = (
			);
			runOnlyForDeploymentPostprocessing = 0;
		};
		C01562C82BF8C1D800CEF4BE /* Resources */ = {
			isa = PBXResourcesBuildPhase;
			buildActionMask = 2147483647;
			files = (
			);
			runOnlyForDeploymentPostprocessing = 0;
		};
/* End PBXResourcesBuildPhase section */

/* Begin PBXSourcesBuildPhase section */
		C01562AC2BF8C1D700CEF4BE /* Sources */ = {
			isa = PBXSourcesBuildPhase;
			buildActionMask = 2147483647;
			files = (
				C077E09F2C036CD40064FEE4 /* HomeViewModel.swift in Sources */,
				C0E64CB62C023E7F0046D43B /* ActivityCalories.swift in Sources */,
				C040DA7B2BFA1DC300E4DA4C /* SplashScreen.swift in Sources */,
				C077A9AF2BFF1CE200C3F8E6 /* ConsumeView.swift in Sources */,
				C077A9B32BFF22FD00C3F8E6 /* GifImage.swift in Sources */,
				C0E64C9E2C017A270046D43B /* BodyMeasurementView.swift in Sources */,
				C077E09B2C0352990064FEE4 /* DrinkWaterViewModel.swift in Sources */,
				C0E64CB42C023E5C0046D43B /* FoodGlucose.swift in Sources */,
				C077E0A52C03B7030064FEE4 /* BodyMeasurementViewModel.swift in Sources */,
				C040DA7F2BFA38F800E4DA4C /* DrinkWaterView.swift in Sources */,
				C077E0A22C03B1660064FEE4 /* SleepingViewModel.swift in Sources */,
				C0E64CB12C0236480046D43B /* ConsumeViewModel.swift in Sources */,
				C040DA7D2BFA2D7400E4DA4C /* HomeView.swift in Sources */,
				C0E64CAF2C0231F80046D43B /* ExerciseViewModel.swift in Sources */,
				C040DA812BFA3D8000E4DA4C /* SettingsView.swift in Sources */,
				C01562B62BF8C1D700CEF4BE /* ContentView.swift in Sources */,
				C077E0A82C03E17C0064FEE4 /* HealthKit.swift in Sources */,
				C0E64CAC2C01F0070046D43B /* ErrorAlertView.swift in Sources */,
				C0E20B632BFB8FF1005EAE94 /* ExerciseView.swift in Sources */,
				C077E09D2C03657E0064FEE4 /* TesterView.swift in Sources */,
				C01562B42BF8C1D700CEF4BE /* NanoChallenge2App.swift in Sources */,
				C0E64C9A2C016B220046D43B /* SleepingView.swift in Sources */,
			);
			runOnlyForDeploymentPostprocessing = 0;
		};
		C01562BC2BF8C1D800CEF4BE /* Sources */ = {
			isa = PBXSourcesBuildPhase;
			buildActionMask = 2147483647;
			files = (
				C01562C52BF8C1D800CEF4BE /* NanoChallenge2Tests.swift in Sources */,
			);
			runOnlyForDeploymentPostprocessing = 0;
		};
		C01562C62BF8C1D800CEF4BE /* Sources */ = {
			isa = PBXSourcesBuildPhase;
			buildActionMask = 2147483647;
			files = (
				C01562CF2BF8C1D800CEF4BE /* NanoChallenge2UITests.swift in Sources */,
				C01562D12BF8C1D800CEF4BE /* NanoChallenge2UITestsLaunchTests.swift in Sources */,
			);
			runOnlyForDeploymentPostprocessing = 0;
		};
/* End PBXSourcesBuildPhase section */

/* Begin PBXTargetDependency section */
		C01562C22BF8C1D800CEF4BE /* PBXTargetDependency */ = {
			isa = PBXTargetDependency;
			target = C01562AF2BF8C1D700CEF4BE /* NanoChallenge2 */;
			targetProxy = C01562C12BF8C1D800CEF4BE /* PBXContainerItemProxy */;
		};
		C01562CC2BF8C1D800CEF4BE /* PBXTargetDependency */ = {
			isa = PBXTargetDependency;
			target = C01562AF2BF8C1D700CEF4BE /* NanoChallenge2 */;
			targetProxy = C01562CB2BF8C1D800CEF4BE /* PBXContainerItemProxy */;
		};
/* End PBXTargetDependency section */

/* Begin XCBuildConfiguration section */
		C01562D22BF8C1D800CEF4BE /* Debug */ = {
			isa = XCBuildConfiguration;
			buildSettings = {
				ALWAYS_SEARCH_USER_PATHS = NO;
				ASSETCATALOG_COMPILER_GENERATE_SWIFT_ASSET_SYMBOL_EXTENSIONS = YES;
				CLANG_ANALYZER_NONNULL = YES;
				CLANG_ANALYZER_NUMBER_OBJECT_CONVERSION = YES_AGGRESSIVE;
				CLANG_CXX_LANGUAGE_STANDARD = "gnu++20";
				CLANG_ENABLE_MODULES = YES;
				CLANG_ENABLE_OBJC_ARC = YES;
				CLANG_ENABLE_OBJC_WEAK = YES;
				CLANG_WARN_BLOCK_CAPTURE_AUTORELEASING = YES;
				CLANG_WARN_BOOL_CONVERSION = YES;
				CLANG_WARN_COMMA = YES;
				CLANG_WARN_CONSTANT_CONVERSION = YES;
				CLANG_WARN_DEPRECATED_OBJC_IMPLEMENTATIONS = YES;
				CLANG_WARN_DIRECT_OBJC_ISA_USAGE = YES_ERROR;
				CLANG_WARN_DOCUMENTATION_COMMENTS = YES;
				CLANG_WARN_EMPTY_BODY = YES;
				CLANG_WARN_ENUM_CONVERSION = YES;
				CLANG_WARN_INFINITE_RECURSION = YES;
				CLANG_WARN_INT_CONVERSION = YES;
				CLANG_WARN_NON_LITERAL_NULL_CONVERSION = YES;
				CLANG_WARN_OBJC_IMPLICIT_RETAIN_SELF = YES;
				CLANG_WARN_OBJC_LITERAL_CONVERSION = YES;
				CLANG_WARN_OBJC_ROOT_CLASS = YES_ERROR;
				CLANG_WARN_QUOTED_INCLUDE_IN_FRAMEWORK_HEADER = YES;
				CLANG_WARN_RANGE_LOOP_ANALYSIS = YES;
				CLANG_WARN_STRICT_PROTOTYPES = YES;
				CLANG_WARN_SUSPICIOUS_MOVE = YES;
				CLANG_WARN_UNGUARDED_AVAILABILITY = YES_AGGRESSIVE;
				CLANG_WARN_UNREACHABLE_CODE = YES;
				CLANG_WARN__DUPLICATE_METHOD_MATCH = YES;
				COPY_PHASE_STRIP = NO;
				DEBUG_INFORMATION_FORMAT = dwarf;
				ENABLE_STRICT_OBJC_MSGSEND = YES;
				ENABLE_TESTABILITY = YES;
				ENABLE_USER_SCRIPT_SANDBOXING = YES;
				GCC_C_LANGUAGE_STANDARD = gnu17;
				GCC_DYNAMIC_NO_PIC = NO;
				GCC_NO_COMMON_BLOCKS = YES;
				GCC_OPTIMIZATION_LEVEL = 0;
				GCC_PREPROCESSOR_DEFINITIONS = (
					"DEBUG=1",
					"$(inherited)",
				);
				GCC_WARN_64_TO_32_BIT_CONVERSION = YES;
				GCC_WARN_ABOUT_RETURN_TYPE = YES_ERROR;
				GCC_WARN_UNDECLARED_SELECTOR = YES;
				GCC_WARN_UNINITIALIZED_AUTOS = YES_AGGRESSIVE;
				GCC_WARN_UNUSED_FUNCTION = YES;
				GCC_WARN_UNUSED_VARIABLE = YES;
				IPHONEOS_DEPLOYMENT_TARGET = 17.4;
				LOCALIZATION_PREFERS_STRING_CATALOGS = YES;
				MTL_ENABLE_DEBUG_INFO = INCLUDE_SOURCE;
				MTL_FAST_MATH = YES;
				ONLY_ACTIVE_ARCH = YES;
				SDKROOT = iphoneos;
				SWIFT_ACTIVE_COMPILATION_CONDITIONS = "DEBUG $(inherited)";
				SWIFT_OPTIMIZATION_LEVEL = "-Onone";
			};
			name = Debug;
		};
		C01562D32BF8C1D800CEF4BE /* Release */ = {
			isa = XCBuildConfiguration;
			buildSettings = {
				ALWAYS_SEARCH_USER_PATHS = NO;
				ASSETCATALOG_COMPILER_GENERATE_SWIFT_ASSET_SYMBOL_EXTENSIONS = YES;
				CLANG_ANALYZER_NONNULL = YES;
				CLANG_ANALYZER_NUMBER_OBJECT_CONVERSION = YES_AGGRESSIVE;
				CLANG_CXX_LANGUAGE_STANDARD = "gnu++20";
				CLANG_ENABLE_MODULES = YES;
				CLANG_ENABLE_OBJC_ARC = YES;
				CLANG_ENABLE_OBJC_WEAK = YES;
				CLANG_WARN_BLOCK_CAPTURE_AUTORELEASING = YES;
				CLANG_WARN_BOOL_CONVERSION = YES;
				CLANG_WARN_COMMA = YES;
				CLANG_WARN_CONSTANT_CONVERSION = YES;
				CLANG_WARN_DEPRECATED_OBJC_IMPLEMENTATIONS = YES;
				CLANG_WARN_DIRECT_OBJC_ISA_USAGE = YES_ERROR;
				CLANG_WARN_DOCUMENTATION_COMMENTS = YES;
				CLANG_WARN_EMPTY_BODY = YES;
				CLANG_WARN_ENUM_CONVERSION = YES;
				CLANG_WARN_INFINITE_RECURSION = YES;
				CLANG_WARN_INT_CONVERSION = YES;
				CLANG_WARN_NON_LITERAL_NULL_CONVERSION = YES;
				CLANG_WARN_OBJC_IMPLICIT_RETAIN_SELF = YES;
				CLANG_WARN_OBJC_LITERAL_CONVERSION = YES;
				CLANG_WARN_OBJC_ROOT_CLASS = YES_ERROR;
				CLANG_WARN_QUOTED_INCLUDE_IN_FRAMEWORK_HEADER = YES;
				CLANG_WARN_RANGE_LOOP_ANALYSIS = YES;
				CLANG_WARN_STRICT_PROTOTYPES = YES;
				CLANG_WARN_SUSPICIOUS_MOVE = YES;
				CLANG_WARN_UNGUARDED_AVAILABILITY = YES_AGGRESSIVE;
				CLANG_WARN_UNREACHABLE_CODE = YES;
				CLANG_WARN__DUPLICATE_METHOD_MATCH = YES;
				COPY_PHASE_STRIP = NO;
				DEBUG_INFORMATION_FORMAT = "dwarf-with-dsym";
				ENABLE_NS_ASSERTIONS = NO;
				ENABLE_STRICT_OBJC_MSGSEND = YES;
				ENABLE_USER_SCRIPT_SANDBOXING = YES;
				GCC_C_LANGUAGE_STANDARD = gnu17;
				GCC_NO_COMMON_BLOCKS = YES;
				GCC_WARN_64_TO_32_BIT_CONVERSION = YES;
				GCC_WARN_ABOUT_RETURN_TYPE = YES_ERROR;
				GCC_WARN_UNDECLARED_SELECTOR = YES;
				GCC_WARN_UNINITIALIZED_AUTOS = YES_AGGRESSIVE;
				GCC_WARN_UNUSED_FUNCTION = YES;
				GCC_WARN_UNUSED_VARIABLE = YES;
				IPHONEOS_DEPLOYMENT_TARGET = 17.4;
				LOCALIZATION_PREFERS_STRING_CATALOGS = YES;
				MTL_ENABLE_DEBUG_INFO = NO;
				MTL_FAST_MATH = YES;
				SDKROOT = iphoneos;
				SWIFT_COMPILATION_MODE = wholemodule;
				VALIDATE_PRODUCT = YES;
			};
			name = Release;
		};
		C01562D52BF8C1D800CEF4BE /* Debug */ = {
			isa = XCBuildConfiguration;
			buildSettings = {
				ASSETCATALOG_COMPILER_APPICON_NAME = AppIcon;
				ASSETCATALOG_COMPILER_GLOBAL_ACCENT_COLOR_NAME = AccentColor;
				CODE_SIGN_STYLE = Automatic;
				CURRENT_PROJECT_VERSION = 1;
				DEVELOPMENT_ASSET_PATHS = "\"NanoChallenge2/Preview Content\"";
				DEVELOPMENT_TEAM = MY76JDJCB5;
				ENABLE_PREVIEWS = YES;
				GENERATE_INFOPLIST_FILE = YES;
				INFOPLIST_FILE = NanoChallenge2/Info.plist;
				INFOPLIST_KEY_NSHealthClinicalHealthRecordsShareUsageDescription = "This app require to access your data";
				INFOPLIST_KEY_NSHealthShareUsageDescription = "This app require to access your data";
				INFOPLIST_KEY_NSHealthUpdateUsageDescription = "This app require to access your data";
				INFOPLIST_KEY_UIApplicationSceneManifest_Generation = YES;
				INFOPLIST_KEY_UIApplicationSupportsIndirectInputEvents = YES;
				INFOPLIST_KEY_UILaunchScreen_Generation = YES;
				INFOPLIST_KEY_UISupportedInterfaceOrientations_iPad = "UIInterfaceOrientationPortrait UIInterfaceOrientationPortraitUpsideDown UIInterfaceOrientationLandscapeLeft UIInterfaceOrientationLandscapeRight";
				INFOPLIST_KEY_UISupportedInterfaceOrientations_iPhone = "UIInterfaceOrientationPortrait UIInterfaceOrientationLandscapeLeft UIInterfaceOrientationLandscapeRight";
				LD_RUNPATH_SEARCH_PATHS = (
					"$(inherited)",
					"@executable_path/Frameworks",
				);
				MARKETING_VERSION = 1.0;
				PRODUCT_BUNDLE_IDENTIFIER = Tester.NanoChallenge2;
				PRODUCT_NAME = "$(TARGET_NAME)";
				SWIFT_EMIT_LOC_STRINGS = YES;
				SWIFT_VERSION = 5.0;
				TARGETED_DEVICE_FAMILY = "1,2";
			};
			name = Debug;
		};
		C01562D62BF8C1D800CEF4BE /* Release */ = {
			isa = XCBuildConfiguration;
			buildSettings = {
				ASSETCATALOG_COMPILER_APPICON_NAME = AppIcon;
				ASSETCATALOG_COMPILER_GLOBAL_ACCENT_COLOR_NAME = AccentColor;
				CODE_SIGN_STYLE = Automatic;
				CURRENT_PROJECT_VERSION = 1;
				DEVELOPMENT_ASSET_PATHS = "\"NanoChallenge2/Preview Content\"";
				DEVELOPMENT_TEAM = MY76JDJCB5;
				ENABLE_PREVIEWS = YES;
				GENERATE_INFOPLIST_FILE = YES;
				INFOPLIST_FILE = NanoChallenge2/Info.plist;
				INFOPLIST_KEY_NSHealthClinicalHealthRecordsShareUsageDescription = "This app require to access your data";
				INFOPLIST_KEY_NSHealthShareUsageDescription = "This app require to access your data";
				INFOPLIST_KEY_NSHealthUpdateUsageDescription = "This app require to access your data";
				INFOPLIST_KEY_UIApplicationSceneManifest_Generation = YES;
				INFOPLIST_KEY_UIApplicationSupportsIndirectInputEvents = YES;
				INFOPLIST_KEY_UILaunchScreen_Generation = YES;
				INFOPLIST_KEY_UISupportedInterfaceOrientations_iPad = "UIInterfaceOrientationPortrait UIInterfaceOrientationPortraitUpsideDown UIInterfaceOrientationLandscapeLeft UIInterfaceOrientationLandscapeRight";
				INFOPLIST_KEY_UISupportedInterfaceOrientations_iPhone = "UIInterfaceOrientationPortrait UIInterfaceOrientationLandscapeLeft UIInterfaceOrientationLandscapeRight";
				LD_RUNPATH_SEARCH_PATHS = (
					"$(inherited)",
					"@executable_path/Frameworks",
				);
				MARKETING_VERSION = 1.0;
				PRODUCT_BUNDLE_IDENTIFIER = Tester.NanoChallenge2;
				PRODUCT_NAME = "$(TARGET_NAME)";
				SWIFT_EMIT_LOC_STRINGS = YES;
				SWIFT_VERSION = 5.0;
				TARGETED_DEVICE_FAMILY = "1,2";
			};
			name = Release;
		};
		C01562D82BF8C1D800CEF4BE /* Debug */ = {
			isa = XCBuildConfiguration;
			buildSettings = {
				ALWAYS_EMBED_SWIFT_STANDARD_LIBRARIES = YES;
				BUNDLE_LOADER = "$(TEST_HOST)";
				CODE_SIGN_STYLE = Automatic;
				CURRENT_PROJECT_VERSION = 1;
				GENERATE_INFOPLIST_FILE = YES;
				IPHONEOS_DEPLOYMENT_TARGET = 17.4;
				MARKETING_VERSION = 1.0;
				PRODUCT_BUNDLE_IDENTIFIER = Tester.NanoChallenge2Tests;
				PRODUCT_NAME = "$(TARGET_NAME)";
				SWIFT_EMIT_LOC_STRINGS = NO;
				SWIFT_VERSION = 5.0;
				TARGETED_DEVICE_FAMILY = "1,2";
				TEST_HOST = "$(BUILT_PRODUCTS_DIR)/NanoChallenge2.app/$(BUNDLE_EXECUTABLE_FOLDER_PATH)/NanoChallenge2";
			};
			name = Debug;
		};
		C01562D92BF8C1D800CEF4BE /* Release */ = {
			isa = XCBuildConfiguration;
			buildSettings = {
				ALWAYS_EMBED_SWIFT_STANDARD_LIBRARIES = YES;
				BUNDLE_LOADER = "$(TEST_HOST)";
				CODE_SIGN_STYLE = Automatic;
				CURRENT_PROJECT_VERSION = 1;
				GENERATE_INFOPLIST_FILE = YES;
				IPHONEOS_DEPLOYMENT_TARGET = 17.4;
				MARKETING_VERSION = 1.0;
				PRODUCT_BUNDLE_IDENTIFIER = Tester.NanoChallenge2Tests;
				PRODUCT_NAME = "$(TARGET_NAME)";
				SWIFT_EMIT_LOC_STRINGS = NO;
				SWIFT_VERSION = 5.0;
				TARGETED_DEVICE_FAMILY = "1,2";
				TEST_HOST = "$(BUILT_PRODUCTS_DIR)/NanoChallenge2.app/$(BUNDLE_EXECUTABLE_FOLDER_PATH)/NanoChallenge2";
			};
			name = Release;
		};
		C01562DB2BF8C1D800CEF4BE /* Debug */ = {
			isa = XCBuildConfiguration;
			buildSettings = {
				ALWAYS_EMBED_SWIFT_STANDARD_LIBRARIES = YES;
				CODE_SIGN_STYLE = Automatic;
				CURRENT_PROJECT_VERSION = 1;
				GENERATE_INFOPLIST_FILE = YES;
				MARKETING_VERSION = 1.0;
				PRODUCT_BUNDLE_IDENTIFIER = Tester.NanoChallenge2UITests;
				PRODUCT_NAME = "$(TARGET_NAME)";
				SWIFT_EMIT_LOC_STRINGS = NO;
				SWIFT_VERSION = 5.0;
				TARGETED_DEVICE_FAMILY = "1,2";
				TEST_TARGET_NAME = NanoChallenge2;
			};
			name = Debug;
		};
		C01562DC2BF8C1D800CEF4BE /* Release */ = {
			isa = XCBuildConfiguration;
			buildSettings = {
				ALWAYS_EMBED_SWIFT_STANDARD_LIBRARIES = YES;
				CODE_SIGN_STYLE = Automatic;
				CURRENT_PROJECT_VERSION = 1;
				GENERATE_INFOPLIST_FILE = YES;
				MARKETING_VERSION = 1.0;
				PRODUCT_BUNDLE_IDENTIFIER = Tester.NanoChallenge2UITests;
				PRODUCT_NAME = "$(TARGET_NAME)";
				SWIFT_EMIT_LOC_STRINGS = NO;
				SWIFT_VERSION = 5.0;
				TARGETED_DEVICE_FAMILY = "1,2";
				TEST_TARGET_NAME = NanoChallenge2;
			};
			name = Release;
		};
/* End XCBuildConfiguration section */

/* Begin XCConfigurationList section */
		C01562AB2BF8C1D700CEF4BE /* Build configuration list for PBXProject "NanoChallenge2" */ = {
			isa = XCConfigurationList;
			buildConfigurations = (
				C01562D22BF8C1D800CEF4BE /* Debug */,
				C01562D32BF8C1D800CEF4BE /* Release */,
			);
			defaultConfigurationIsVisible = 0;
			defaultConfigurationName = Release;
		};
		C01562D42BF8C1D800CEF4BE /* Build configuration list for PBXNativeTarget "NanoChallenge2" */ = {
			isa = XCConfigurationList;
			buildConfigurations = (
				C01562D52BF8C1D800CEF4BE /* Debug */,
				C01562D62BF8C1D800CEF4BE /* Release */,
			);
			defaultConfigurationIsVisible = 0;
			defaultConfigurationName = Release;
		};
		C01562D72BF8C1D800CEF4BE /* Build configuration list for PBXNativeTarget "NanoChallenge2Tests" */ = {
			isa = XCConfigurationList;
			buildConfigurations = (
				C01562D82BF8C1D800CEF4BE /* Debug */,
				C01562D92BF8C1D800CEF4BE /* Release */,
			);
			defaultConfigurationIsVisible = 0;
			defaultConfigurationName = Release;
		};
		C01562DA2BF8C1D800CEF4BE /* Build configuration list for PBXNativeTarget "NanoChallenge2UITests" */ = {
			isa = XCConfigurationList;
			buildConfigurations = (
				C01562DB2BF8C1D800CEF4BE /* Debug */,
				C01562DC2BF8C1D800CEF4BE /* Release */,
			);
			defaultConfigurationIsVisible = 0;
			defaultConfigurationName = Release;
		};
/* End XCConfigurationList section */
	};
	rootObject = C01562A82BF8C1D700CEF4BE /* Project object */;
}
